# THIS IS AN AUTOGENERATED FILE. DO NOT EDIT THIS FILE DIRECTLY.
# yarn lockfile v1


"@types/aws-lambda@^8.10.37":
  version "8.10.40"
  resolved "https://registry.yarnpkg.com/@types/aws-lambda/-/aws-lambda-8.10.40.tgz#d60b912a9425f74f60c57667a8c6b99d58df4ada"
  integrity sha512-D0hOUw2y6in/cPWv0JMMCBnO3Hc/DNeLi8QQ1wymwk9Eixh6IFgVnCGJnUHefjxKEAVxL7z6LKBsFUrIjKygRg==

"@types/node@12.0.2":
  version "12.0.2"
  resolved "https://registry.yarnpkg.com/@types/node/-/node-12.0.2.tgz#3452a24edf9fea138b48fad4a0a028a683da1e40"
  integrity sha512-5tabW/i+9mhrfEOUcLDu2xBPsHJ+X5Orqy9FKpale3SjDA17j5AEpYq5vfy3oAeAHGcvANRCO3NV3d2D6q3NiA==

amazon-qldb-driver-nodejs@^0.1.1-0:
  version "0.1.1-preview.2"
  resolved "https://registry.yarnpkg.com/amazon-qldb-driver-nodejs/-/amazon-qldb-driver-nodejs-0.1.1-preview.2.tgz#6e6a88971c76a0fcbf1a7bc1bedd7326fbb0c422"
  integrity sha512-ia1benMLRS25KWDbg3d6MhX48+2rTUZzQ3LXM4mxu0/1V9ooUFKfZeyCmueZ1zrqn572Z8uO8DPq/1T1TZsI4Q==
  dependencies:
    "@types/node" "12.0.2"
    ion-hash-js "^1.0.2"
    semaphore-async-await "^1.5.1"

ion-hash-js@^1.0.2:
  version "1.0.3"
  resolved "https://registry.yarnpkg.com/ion-hash-js/-/ion-hash-js-1.0.3.tgz#5472aaf84f1f7b5a30e8ea885794df861cf4293e"
  integrity sha512-c1U7DW9icOrof1cfzktq/8zaPXLneDJqZhYydhTmNBbHJ+D6JHTFydp5fu+PlwirgEt6qB+wPUcaVdJPQgqKug==
  dependencies:
    ion-js "^3.1.2"

ion-js@^3.1.2:
  version "3.1.2"
  resolved "https://registry.yarnpkg.com/ion-js/-/ion-js-3.1.2.tgz#17aa2b949dcc5e197091e54293c182d304ff25cd"
  integrity sha512-pujfIqzKMEfxBBD98vcJQcPVlckM0f3ETd+x6+SPYq50xD4li2sCZ9ODCPAGlT8stRqHa8aGuJ1puwrAoyTcxw==
  dependencies:
    jsbi "^3.1.1"

jsbi@^3.1.1:
  version "3.1.1"
  resolved "https://registry.yarnpkg.com/jsbi/-/jsbi-3.1.1.tgz#8ea18b3e08d102c6cc09acaa9a099921d775f4fa"
  integrity sha512-+HQESPaV0mRiH614z4JPVPAftcRC2p53x92lySPzUzFwJbJTMpzHz8OYUkcXPN3fOcHUe0NdVcHnCtX/1+eCrA==

semaphore-async-await@^1.5.1:
  version "1.5.1"
  resolved "https://registry.yarnpkg.com/semaphore-async-await/-/semaphore-async-await-1.5.1.tgz#857bef5e3644601ca4b9570b87e9df5ca12974fa"
  integrity sha1-hXvvXjZEYBykuVcLh+nfXKEpdPo=
